// !$*UTF8*$!
{
	archiveVersion = 1;
	classes = {
	};
	objectVersion = 55;
	objects = {

/* Begin PBXBuildFile section */
		8CC91463354D90D67725A400 /* Pods_PetM15Talks_002.framework in Frameworks */ = {isa = PBXBuildFile; fileRef = C4C48EE5E8D5637FF7C472B9 /* Pods_PetM15Talks_002.framework */; };
		94AF5882273C413A003DCE39 /* LoginSliderItems.swift in Sources */ = {isa = PBXBuildFile; fileRef = 94AF5881273C413A003DCE39 /* LoginSliderItems.swift */; };
		94B36AC52738468400C77E20 /* AppDelegate.swift in Sources */ = {isa = PBXBuildFile; fileRef = 94B36AC42738468400C77E20 /* AppDelegate.swift */; };
		94B36AC72738468400C77E20 /* SceneDelegate.swift in Sources */ = {isa = PBXBuildFile; fileRef = 94B36AC62738468400C77E20 /* SceneDelegate.swift */; };
		94B36AC92738468400C77E20 /* ViewController.swift in Sources */ = {isa = PBXBuildFile; fileRef = 94B36AC82738468400C77E20 /* ViewController.swift */; };
		94B36ACC2738468400C77E20 /* Main.storyboard in Resources */ = {isa = PBXBuildFile; fileRef = 94B36ACA2738468400C77E20 /* Main.storyboard */; };
		94B36ACE2738468400C77E20 /* Assets.xcassets in Resources */ = {isa = PBXBuildFile; fileRef = 94B36ACD2738468400C77E20 /* Assets.xcassets */; };
		94B36AD12738468400C77E20 /* LaunchScreen.storyboard in Resources */ = {isa = PBXBuildFile; fileRef = 94B36ACF2738468400C77E20 /* LaunchScreen.storyboard */; };
		94B36AD9273848BB00C77E20 /* GoogleService-Info.plist in Resources */ = {isa = PBXBuildFile; fileRef = 94B36AD8273848BB00C77E20 /* GoogleService-Info.plist */; };
		94BB22C12739A06A00A7B751 /* LoginViewController.swift in Sources */ = {isa = PBXBuildFile; fileRef = 94BB22C02739A06A00A7B751 /* LoginViewController.swift */; };
		94BB22C42739AB3A00A7B751 /* LoginSlideCollectionViewCell.swift in Sources */ = {isa = PBXBuildFile; fileRef = 94BB22C22739AB3A00A7B751 /* LoginSlideCollectionViewCell.swift */; };
		94BB22C52739AB3A00A7B751 /* LoginSlideCollectionViewCell.xib in Resources */ = {isa = PBXBuildFile; fileRef = 94BB22C32739AB3A00A7B751 /* LoginSlideCollectionViewCell.xib */; };
/* End PBXBuildFile section */

/* Begin PBXFileReference section */
		87D371698CA5A309C00693BD /* Pods-PetM15Talks_002.debug.xcconfig */ = {isa = PBXFileReference; includeInIndex = 1; lastKnownFileType = text.xcconfig; name = "Pods-PetM15Talks_002.debug.xcconfig"; path = "Target Support Files/Pods-PetM15Talks_002/Pods-PetM15Talks_002.debug.xcconfig"; sourceTree = "<group>"; };
		94AF5881273C413A003DCE39 /* LoginSliderItems.swift */ = {isa = PBXFileReference; lastKnownFileType = sourcecode.swift; path = LoginSliderItems.swift; sourceTree = "<group>"; };
		94B36AC12738468400C77E20 /* PetM15Talks_002.app */ = {isa = PBXFileReference; explicitFileType = wrapper.application; includeInIndex = 0; path = PetM15Talks_002.app; sourceTree = BUILT_PRODUCTS_DIR; };
		94B36AC42738468400C77E20 /* AppDelegate.swift */ = {isa = PBXFileReference; lastKnownFileType = sourcecode.swift; path = AppDelegate.swift; sourceTree = "<group>"; };
		94B36AC62738468400C77E20 /* SceneDelegate.swift */ = {isa = PBXFileReference; lastKnownFileType = sourcecode.swift; path = SceneDelegate.swift; sourceTree = "<group>"; };
		94B36AC82738468400C77E20 /* ViewController.swift */ = {isa = PBXFileReference; lastKnownFileType = sourcecode.swift; path = ViewController.swift; sourceTree = "<group>"; };
		94B36ACB2738468400C77E20 /* Base */ = {isa = PBXFileReference; lastKnownFileType = file.storyboard; name = Base; path = Base.lproj/Main.storyboard; sourceTree = "<group>"; };
		94B36ACD2738468400C77E20 /* Assets.xcassets */ = {isa = PBXFileReference; lastKnownFileType = folder.assetcatalog; path = Assets.xcassets; sourceTree = "<group>"; };
		94B36AD02738468400C77E20 /* Base */ = {isa = PBXFileReference; lastKnownFileType = file.storyboard; name = Base; path = Base.lproj/LaunchScreen.storyboard; sourceTree = "<group>"; };
		94B36AD22738468400C77E20 /* Info.plist */ = {isa = PBXFileReference; lastKnownFileType = text.plist.xml; path = Info.plist; sourceTree = "<group>"; };
		94B36AD8273848BB00C77E20 /* GoogleService-Info.plist */ = {isa = PBXFileReference; fileEncoding = 4; lastKnownFileType = text.plist.xml; path = "GoogleService-Info.plist"; sourceTree = "<group>"; };
		94BB22C02739A06A00A7B751 /* LoginViewController.swift */ = {isa = PBXFileReference; lastKnownFileType = sourcecode.swift; path = LoginViewController.swift; sourceTree = "<group>"; };
		94BB22C22739AB3A00A7B751 /* LoginSlideCollectionViewCell.swift */ = {isa = PBXFileReference; lastKnownFileType = sourcecode.swift; path = LoginSlideCollectionViewCell.swift; sourceTree = "<group>"; };
		94BB22C32739AB3A00A7B751 /* LoginSlideCollectionViewCell.xib */ = {isa = PBXFileReference; lastKnownFileType = file.xib; path = LoginSlideCollectionViewCell.xib; sourceTree = "<group>"; };
		9D153631A67AC96D9B37B8D6 /* Pods-PetM15Talks_002.release.xcconfig */ = {isa = PBXFileReference; includeInIndex = 1; lastKnownFileType = text.xcconfig; name = "Pods-PetM15Talks_002.release.xcconfig"; path = "Target Support Files/Pods-PetM15Talks_002/Pods-PetM15Talks_002.release.xcconfig"; sourceTree = "<group>"; };
		C4C48EE5E8D5637FF7C472B9 /* Pods_PetM15Talks_002.framework */ = {isa = PBXFileReference; explicitFileType = wrapper.framework; includeInIndex = 0; path = Pods_PetM15Talks_002.framework; sourceTree = BUILT_PRODUCTS_DIR; };
/* End PBXFileReference section */

/* Begin PBXFrameworksBuildPhase section */
		94B36ABE2738468400C77E20 /* Frameworks */ = {
			isa = PBXFrameworksBuildPhase;
			buildActionMask = 2147483647;
			files = (
				8CC91463354D90D67725A400 /* Pods_PetM15Talks_002.framework in Frameworks */,
			);
			runOnlyForDeploymentPostprocessing = 0;
		};
/* End PBXFrameworksBuildPhase section */

/* Begin PBXGroup section */
		7800F44A79720981DB68E04A /* Pods */ = {
			isa = PBXGroup;
			children = (
				87D371698CA5A309C00693BD /* Pods-PetM15Talks_002.debug.xcconfig */,
				9D153631A67AC96D9B37B8D6 /* Pods-PetM15Talks_002.release.xcconfig */,
			);
			path = Pods;
			sourceTree = "<group>";
		};
		94B36AB82738468400C77E20 = {
			isa = PBXGroup;
			children = (
				94B36AC32738468400C77E20 /* PetM15Talks_002 */,
				94B36AC22738468400C77E20 /* Products */,
				7800F44A79720981DB68E04A /* Pods */,
				D9B7B0FE0E2A1DB8B927D9B6 /* Frameworks */,
			);
			sourceTree = "<group>";
		};
		94B36AC22738468400C77E20 /* Products */ = {
			isa = PBXGroup;
			children = (
				94B36AC12738468400C77E20 /* PetM15Talks_002.app */,
			);
			name = Products;
			sourceTree = "<group>";
		};
		94B36AC32738468400C77E20 /* PetM15Talks_002 */ = {
			isa = PBXGroup;
			children = (
				94BB22BE27399FE200A7B751 /* Model */,
				94BB22BF27399FEE00A7B751 /* View */,
				94BB22BD27399FD400A7B751 /* Controller */,
				94B36AC42738468400C77E20 /* AppDelegate.swift */,
				94B36AC62738468400C77E20 /* SceneDelegate.swift */,
				94B36AC82738468400C77E20 /* ViewController.swift */,
				94B36ACA2738468400C77E20 /* Main.storyboard */,
				94B36ACD2738468400C77E20 /* Assets.xcassets */,
				94B36ACF2738468400C77E20 /* LaunchScreen.storyboard */,
				94B36AD8273848BB00C77E20 /* GoogleService-Info.plist */,
				94B36AD22738468400C77E20 /* Info.plist */,
			);
			path = PetM15Talks_002;
			sourceTree = "<group>";
		};
		94BB22BD27399FD400A7B751 /* Controller */ = {
			isa = PBXGroup;
			children = (
				94BB22C02739A06A00A7B751 /* LoginViewController.swift */,
			);
			path = Controller;
			sourceTree = "<group>";
		};
		94BB22BE27399FE200A7B751 /* Model */ = {
			isa = PBXGroup;
			children = (
				94AF5881273C413A003DCE39 /* LoginSliderItems.swift */,
			);
			path = Model;
			sourceTree = "<group>";
		};
		94BB22BF27399FEE00A7B751 /* View */ = {
			isa = PBXGroup;
			children = (
				94BB22C22739AB3A00A7B751 /* LoginSlideCollectionViewCell.swift */,
				94BB22C32739AB3A00A7B751 /* LoginSlideCollectionViewCell.xib */,
			);
			path = View;
			sourceTree = "<group>";
		};
		D9B7B0FE0E2A1DB8B927D9B6 /* Frameworks */ = {
			isa = PBXGroup;
			children = (
				C4C48EE5E8D5637FF7C472B9 /* Pods_PetM15Talks_002.framework */,
			);
			name = Frameworks;
			sourceTree = "<group>";
		};
/* End PBXGroup section */

/* Begin PBXNativeTarget section */
		94B36AC02738468400C77E20 /* PetM15Talks_002 */ = {
			isa = PBXNativeTarget;
			buildConfigurationList = 94B36AD52738468400C77E20 /* Build configuration list for PBXNativeTarget "PetM15Talks_002" */;
			buildPhases = (
				FCB0B3D5FE2571639FFBB3F5 /* [CP] Check Pods Manifest.lock */,
				94B36ABD2738468400C77E20 /* Sources */,
				94B36ABE2738468400C77E20 /* Frameworks */,
				94B36ABF2738468400C77E20 /* Resources */,
				DC6B30AC53461C1C80BA3FFB /* [CP] Embed Pods Frameworks */,
			);
			buildRules = (
			);
			dependencies = (
			);
			name = PetM15Talks_002;
			productName = PetM15Talks_002;
			productReference = 94B36AC12738468400C77E20 /* PetM15Talks_002.app */;
			productType = "com.apple.product-type.application";
		};
/* End PBXNativeTarget section */

/* Begin PBXProject section */
		94B36AB92738468400C77E20 /* Project object */ = {
			isa = PBXProject;
			attributes = {
				BuildIndependentTargetsInParallel = 1;
				LastSwiftUpdateCheck = 1310;
				LastUpgradeCheck = 1310;
				TargetAttributes = {
					94B36AC02738468400C77E20 = {
						CreatedOnToolsVersion = 13.1;
					};
				};
			};
			buildConfigurationList = 94B36ABC2738468400C77E20 /* Build configuration list for PBXProject "PetM15Talks_002" */;
			compatibilityVersion = "Xcode 13.0";
			developmentRegion = en;
			hasScannedForEncodings = 0;
			knownRegions = (
				en,
				Base,
			);
			mainGroup = 94B36AB82738468400C77E20;
			productRefGroup = 94B36AC22738468400C77E20 /* Products */;
			projectDirPath = "";
			projectRoot = "";
			targets = (
				94B36AC02738468400C77E20 /* PetM15Talks_002 */,
			);
		};
/* End PBXProject section */

/* Begin PBXResourcesBuildPhase section */
		94B36ABF2738468400C77E20 /* Resources */ = {
			isa = PBXResourcesBuildPhase;
			buildActionMask = 2147483647;
			files = (
				94B36AD12738468400C77E20 /* LaunchScreen.storyboard in Resources */,
				94B36AD9273848BB00C77E20 /* GoogleService-Info.plist in Resources */,
				94B36ACE2738468400C77E20 /* Assets.xcassets in Resources */,
				94B36ACC2738468400C77E20 /* Main.storyboard in Resources */,
				94BB22C52739AB3A00A7B751 /* LoginSlideCollectionViewCell.xib in Resources */,
			);
			runOnlyForDeploymentPostprocessing = 0;
		};
/* End PBXResourcesBuildPhase section */

/* Begin PBXShellScriptBuildPhase section */
		DC6B30AC53461C1C80BA3FFB /* [CP] Embed Pods Frameworks */ = {
			isa = PBXShellScriptBuildPhase;
			buildActionMask = 2147483647;
			files = (
			);
			inputFileListPaths = (
				"${PODS_ROOT}/Target Support Files/Pods-PetM15Talks_002/Pods-PetM15Talks_002-frameworks-${CONFIGURATION}-input-files.xcfilelist",
			);
			name = "[CP] Embed Pods Frameworks";
			outputFileListPaths = (
				"${PODS_ROOT}/Target Support Files/Pods-PetM15Talks_002/Pods-PetM15Talks_002-frameworks-${CONFIGURATION}-output-files.xcfilelist",
			);
			runOnlyForDeploymentPostprocessing = 0;
			shellPath = /bin/sh;
			shellScript = "\"${PODS_ROOT}/Target Support Files/Pods-PetM15Talks_002/Pods-PetM15Talks_002-frameworks.sh\"\n";
			showEnvVarsInLog = 0;
		};
		FCB0B3D5FE2571639FFBB3F5 /* [CP] Check Pods Manifest.lock */ = {
			isa = PBXShellScriptBuildPhase;
			buildActionMask = 2147483647;
			files = (
			);
			inputFileListPaths = (
			);
			inputPaths = (
				"${PODS_PODFILE_DIR_PATH}/Podfile.lock",
				"${PODS_ROOT}/Manifest.lock",
			);
			name = "[CP] Check Pods Manifest.lock";
			outputFileListPaths = (
			);
			outputPaths = (
				"$(DERIVED_FILE_DIR)/Pods-PetM15Talks_002-checkManifestLockResult.txt",
			);
			runOnlyForDeploymentPostprocessing = 0;
			shellPath = /bin/sh;
			shellScript = "diff \"${PODS_PODFILE_DIR_PATH}/Podfile.lock\" \"${PODS_ROOT}/Manifest.lock\" > /dev/null\nif [ $? != 0 ] ; then\n    # print error to STDERR\n    echo \"error: The sandbox is not in sync with the Podfile.lock. Run 'pod install' or update your CocoaPods installation.\" >&2\n    exit 1\nfi\n# This output is used by Xcode 'outputs' to avoid re-running this script phase.\necho \"SUCCESS\" > \"${SCRIPT_OUTPUT_FILE_0}\"\n";
			showEnvVarsInLog = 0;
		};
/* End PBXShellScriptBuildPhase section */

/* Begin PBXSourcesBuildPhase section */
		94B36ABD2738468400C77E20 /* Sources */ = {
			isa = PBXSourcesBuildPhase;
			buildActionMask = 2147483647;
			files = (
				94BB22C12739A06A00A7B751 /* LoginViewController.swift in Sources */,
				94B36AC92738468400C77E20 /* ViewController.swift in Sources */,
				94BB22C42739AB3A00A7B751 /* LoginSlideCollectionViewCell.swift in Sources */,
				94B36AC52738468400C77E20 /* AppDelegate.swift in Sources */,
				94B36AC72738468400C77E20 /* SceneDelegate.swift in Sources */,
				94AF5882273C413A003DCE39 /* LoginSliderItems.swift in Sources */,
			);
			runOnlyForDeploymentPostprocessing = 0;
		};
/* End PBXSourcesBuildPhase section */

/* Begin PBXVariantGroup section */
		94B36ACA2738468400C77E20 /* Main.storyboard */ = {
			isa = PBXVariantGroup;
			children = (
				94B36ACB2738468400C77E20 /* Base */,
			);
			name = Main.storyboard;
			sourceTree = "<group>";
		};
		94B36ACF2738468400C77E20 /* LaunchScreen.storyboard */ = {
			isa = PBXVariantGroup;
			children = (
				94B36AD02738468400C77E20 /* Base */,
			);
			name = LaunchScreen.storyboard;
			sourceTree = "<group>";
		};
/* End PBXVariantGroup section */

/* Begin XCBuildConfiguration section */
		94B36AD32738468400C77E20 /* Debug */ = {
			isa = XCBuildConfiguration;
			buildSettings = {
				ALWAYS_SEARCH_USER_PATHS = NO;
				CLANG_ANALYZER_NONNULL = YES;
				CLANG_ANALYZER_NUMBER_OBJECT_CONVERSION = YES_AGGRESSIVE;
				CLANG_CXX_LANGUAGE_STANDARD = "gnu++17";
				CLANG_CXX_LIBRARY = "libc++";
				CLANG_ENABLE_MODULES = YES;
				CLANG_ENABLE_OBJC_ARC = YES;
				CLANG_ENABLE_OBJC_WEAK = YES;
				CLANG_WARN_BLOCK_CAPTURE_AUTORELEASING = YES;
				CLANG_WARN_BOOL_CONVERSION = YES;
				CLANG_WARN_COMMA = YES;
				CLANG_WARN_CONSTANT_CONVERSION = YES;
				CLANG_WARN_DEPRECATED_OBJC_IMPLEMENTATIONS = YES;
				CLANG_WARN_DIRECT_OBJC_ISA_USAGE = YES_ERROR;
				CLANG_WARN_DOCUMENTATION_COMMENTS = YES;
				CLANG_WARN_EMPTY_BODY = YES;
				CLANG_WARN_ENUM_CONVERSION = YES;
				CLANG_WARN_INFINITE_RECURSION = YES;
				CLANG_WARN_INT_CONVERSION = YES;
				CLANG_WARN_NON_LITERAL_NULL_CONVERSION = YES;
				CLANG_WARN_OBJC_IMPLICIT_RETAIN_SELF = YES;
				CLANG_WARN_OBJC_LITERAL_CONVERSION = YES;
				CLANG_WARN_OBJC_ROOT_CLASS = YES_ERROR;
				CLANG_WARN_QUOTED_INCLUDE_IN_FRAMEWORK_HEADER = YES;
				CLANG_WARN_RANGE_LOOP_ANALYSIS = YES;
				CLANG_WARN_STRICT_PROTOTYPES = YES;
				CLANG_WARN_SUSPICIOUS_MOVE = YES;
				CLANG_WARN_UNGUARDED_AVAILABILITY = YES_AGGRESSIVE;
				CLANG_WARN_UNREACHABLE_CODE = YES;
				CLANG_WARN__DUPLICATE_METHOD_MATCH = YES;
				COPY_PHASE_STRIP = NO;
				DEBUG_INFORMATION_FORMAT = dwarf;
				ENABLE_STRICT_OBJC_MSGSEND = YES;
				ENABLE_TESTABILITY = YES;
				GCC_C_LANGUAGE_STANDARD = gnu11;
				GCC_DYNAMIC_NO_PIC = NO;
				GCC_NO_COMMON_BLOCKS = YES;
				GCC_OPTIMIZATION_LEVEL = 0;
				GCC_PREPROCESSOR_DEFINITIONS = (
					"DEBUG=1",
					"$(inherited)",
				);
				GCC_WARN_64_TO_32_BIT_CONVERSION = YES;
				GCC_WARN_ABOUT_RETURN_TYPE = YES_ERROR;
				GCC_WARN_UNDECLARED_SELECTOR = YES;
				GCC_WARN_UNINITIALIZED_AUTOS = YES_AGGRESSIVE;
				GCC_WARN_UNUSED_FUNCTION = YES;
				GCC_WARN_UNUSED_VARIABLE = YES;
				IPHONEOS_DEPLOYMENT_TARGET = 15.0;
				MTL_ENABLE_DEBUG_INFO = INCLUDE_SOURCE;
				MTL_FAST_MATH = YES;
				ONLY_ACTIVE_ARCH = YES;
				SDKROOT = iphoneos;
				SWIFT_ACTIVE_COMPILATION_CONDITIONS = DEBUG;
				SWIFT_OPTIMIZATION_LEVEL = "-Onone";
			};
			name = Debug;
		};
		94B36AD42738468400C77E20 /* Release */ = {
			isa = XCBuildConfiguration;
			buildSettings = {
				ALWAYS_SEARCH_USER_PATHS = NO;
				CLANG_ANALYZER_NONNULL = YES;
				CLANG_ANALYZER_NUMBER_OBJECT_CONVERSION = YES_AGGRESSIVE;
				CLANG_CXX_LANGUAGE_STANDARD = "gnu++17";
				CLANG_CXX_LIBRARY = "libc++";
				CLANG_ENABLE_MODULES = YES;
				CLANG_ENABLE_OBJC_ARC = YES;
				CLANG_ENABLE_OBJC_WEAK = YES;
				CLANG_WARN_BLOCK_CAPTURE_AUTORELEASING = YES;
				CLANG_WARN_BOOL_CONVERSION = YES;
				CLANG_WARN_COMMA = YES;
				CLANG_WARN_CONSTANT_CONVERSION = YES;
				CLANG_WARN_DEPRECATED_OBJC_IMPLEMENTATIONS = YES;
				CLANG_WARN_DIRECT_OBJC_ISA_USAGE = YES_ERROR;
				CLANG_WARN_DOCUMENTATION_COMMENTS = YES;
				CLANG_WARN_EMPTY_BODY = YES;
				CLANG_WARN_ENUM_CONVERSION = YES;
				CLANG_WARN_INFINITE_RECURSION = YES;
				CLANG_WARN_INT_CONVERSION = YES;
				CLANG_WARN_NON_LITERAL_NULL_CONVERSION = YES;
				CLANG_WARN_OBJC_IMPLICIT_RETAIN_SELF = YES;
				CLANG_WARN_OBJC_LITERAL_CONVERSION = YES;
				CLANG_WARN_OBJC_ROOT_CLASS = YES_ERROR;
				CLANG_WARN_QUOTED_INCLUDE_IN_FRAMEWORK_HEADER = YES;
				CLANG_WARN_RANGE_LOOP_ANALYSIS = YES;
				CLANG_WARN_STRICT_PROTOTYPES = YES;
				CLANG_WARN_SUSPICIOUS_MOVE = YES;
				CLANG_WARN_UNGUARDED_AVAILABILITY = YES_AGGRESSIVE;
				CLANG_WARN_UNREACHABLE_CODE = YES;
				CLANG_WARN__DUPLICATE_METHOD_MATCH = YES;
				COPY_PHASE_STRIP = NO;
				DEBUG_INFORMATION_FORMAT = "dwarf-with-dsym";
				ENABLE_NS_ASSERTIONS = NO;
				ENABLE_STRICT_OBJC_MSGSEND = YES;
				GCC_C_LANGUAGE_STANDARD = gnu11;
				GCC_NO_COMMON_BLOCKS = YES;
				GCC_WARN_64_TO_32_BIT_CONVERSION = YES;
				GCC_WARN_ABOUT_RETURN_TYPE = YES_ERROR;
				GCC_WARN_UNDECLARED_SELECTOR = YES;
				GCC_WARN_UNINITIALIZED_AUTOS = YES_AGGRESSIVE;
				GCC_WARN_UNUSED_FUNCTION = YES;
				GCC_WARN_UNUSED_VARIABLE = YES;
				IPHONEOS_DEPLOYMENT_TARGET = 15.0;
				MTL_ENABLE_DEBUG_INFO = NO;
				MTL_FAST_MATH = YES;
				SDKROOT = iphoneos;
				SWIFT_COMPILATION_MODE = wholemodule;
				SWIFT_OPTIMIZATION_LEVEL = "-O";
				VALIDATE_PRODUCT = YES;
			};
			name = Release;
		};
		94B36AD62738468400C77E20 /* Debug */ = {
			isa = XCBuildConfiguration;
			baseConfigurationReference = 87D371698CA5A309C00693BD /* Pods-PetM15Talks_002.debug.xcconfig */;
			buildSettings = {
				ASSETCATALOG_COMPILER_APPICON_NAME = AppIcon;
				ASSETCATALOG_COMPILER_GLOBAL_ACCENT_COLOR_NAME = AccentColor;
				CODE_SIGN_STYLE = Automatic;
				CURRENT_PROJECT_VERSION = 1;
				GENERATE_INFOPLIST_FILE = YES;
				INFOPLIST_FILE = PetM15Talks_002/Info.plist;
				INFOPLIST_KEY_UIApplicationSupportsIndirectInputEvents = YES;
				INFOPLIST_KEY_UILaunchStoryboardName = LaunchScreen;
				INFOPLIST_KEY_UIMainStoryboardFile = Main;
				INFOPLIST_KEY_UISupportedInterfaceOrientations = UIInterfaceOrientationPortrait;
				INFOPLIST_KEY_UISupportedInterfaceOrientations_iPad = "UIInterfaceOrientationPortrait UIInterfaceOrientationPortraitUpsideDown UIInterfaceOrientationLandscapeLeft UIInterfaceOrientationLandscapeRight";
				INFOPLIST_KEY_UISupportedInterfaceOrientations_iPhone = "UIInterfaceOrientationPortrait UIInterfaceOrientationLandscapeLeft UIInterfaceOrientationLandscapeRight";
				IPHONEOS_DEPLOYMENT_TARGET = 13.0;
				LD_RUNPATH_SEARCH_PATHS = (
					"$(inherited)",
					"@executable_path/Frameworks",
				);
				MARKETING_VERSION = 1.0;
				PRODUCT_BUNDLE_IDENTIFIER = "ru.m15.PetM15Talks-002";
				PRODUCT_NAME = "$(TARGET_NAME)";
				SWIFT_EMIT_LOC_STRINGS = YES;
				SWIFT_VERSION = 5.0;
				TARGETED_DEVICE_FAMILY = 1;
			};
			name = Debug;
		};
		94B36AD72738468400C77E20 /* Release */ = {
			isa = XCBuildConfiguration;
			baseConfigurationReference = 9D153631A67AC96D9B37B8D6 /* Pods-PetM15Talks_002.release.xcconfig */;
			buildSettings = {
				ASSETCATALOG_COMPILER_APPICON_NAME = AppIcon;
				ASSETCATALOG_COMPILER_GLOBAL_ACCENT_COLOR_NAME = AccentColor;
				CODE_SIGN_STYLE = Automatic;
				CURRENT_PROJECT_VERSION = 1;
				GENERATE_INFOPLIST_FILE = YES;
				INFOPLIST_FILE = PetM15Talks_002/Info.plist;
				INFOPLIST_KEY_UIApplicationSupportsIndirectInputEvents = YES;
				INFOPLIST_KEY_UILaunchStoryboardName = LaunchScreen;
				INFOPLIST_KEY_UIMainStoryboardFile = Main;
				INFOPLIST_KEY_UISupportedInterfaceOrientations = UIInterfaceOrientationPortrait;
				INFOPLIST_KEY_UISupportedInterfaceOrientations_iPad = "UIInterfaceOrientationPortrait UIInterfaceOrientationPortraitUpsideDown UIInterfaceOrientationLandscapeLeft UIInterfaceOrientationLandscapeRight";
				INFOPLIST_KEY_UISupportedInterfaceOrientations_iPhone = "UIInterfaceOrientationPortrait UIInterfaceOrientationLandscapeLeft UIInterfaceOrientationLandscapeRight";
				IPHONEOS_DEPLOYMENT_TARGET = 13.0;
				LD_RUNPATH_SEARCH_PATHS = (
					"$(inherited)",
					"@executable_path/Frameworks",
				);
				MARKETING_VERSION = 1.0;
				PRODUCT_BUNDLE_IDENTIFIER = "ru.m15.PetM15Talks-002";
				PRODUCT_NAME = "$(TARGET_NAME)";
				SWIFT_EMIT_LOC_STRINGS = YES;
				SWIFT_VERSION = 5.0;
				TARGETED_DEVICE_FAMILY = 1;
			};
			name = Release;
		};
/* End XCBuildConfiguration section */

/* Begin XCConfigurationList section */
		94B36ABC2738468400C77E20 /* Build configuration list for PBXProject "PetM15Talks_002" */ = {
			isa = XCConfigurationList;
			buildConfigurations = (
				94B36AD32738468400C77E20 /* Debug */,
				94B36AD42738468400C77E20 /* Release */,
			);
			defaultConfigurationIsVisible = 0;
			defaultConfigurationName = Release;
		};
		94B36AD52738468400C77E20 /* Build configuration list for PBXNativeTarget "PetM15Talks_002" */ = {
			isa = XCConfigurationList;
			buildConfigurations = (
				94B36AD62738468400C77E20 /* Debug */,
				94B36AD72738468400C77E20 /* Release */,
			);
			defaultConfigurationIsVisible = 0;
			defaultConfigurationName = Release;
		};
/* End XCConfigurationList section */
	};
	rootObject = 94B36AB92738468400C77E20 /* Project object */;
}
